
Microsoft Visual Studio Solution File, Format Version 12.00
# Visual Studio 2012
Project("{8BC9CEB8-8B4A-11D0-8D11-00A0C91BC942}") = "arrays2d", "arrays2d\arrays2d.vcxproj", "{E5ACEB24-F611-4BEB-8A29-E9F49D6ACDEB}"
EndProject
Global
	GlobalSection(SolutionConfigurationPlatforms) = preSolution
		Debug|Win32 = Debug|Win32
		Release|Win32 = Release|Win32
	EndGlobalSection
	GlobalSection(ProjectConfigurationPlatforms) = postSolution
		{E5ACEB24-F611-4BEB-8A29-E9F49D6ACDEB}.Debug|Win32.ActiveCfg = Debug|Win32
		{E5ACEB24-F611-4BEB-8A29-E9F49D6ACDEB}.Debug|Win32.Build.0 = Debug|Win32
		{E5ACEB24-F611-4BEB-8A29-E9F49D6ACDEB}.Release|Win32.ActiveCfg = Release|Win32
		{E5ACEB24-F611-4BEB-8A29-E9F49D6ACDEB}.Release|Win32.Build.0 = Release|Win32
	EndGlobalSection
	GlobalSection(SolutionProperties) = preSolution
		HideSolutionNode = FALSE
	EndGlobalSection
EndGlobal
